# This file is automatically @generated by Cargo.
# It is not intended for manual editing.
version = 3

[[package]]
name = "capnp"
version = "0.14.11"
source = "registry+https://github.com/rust-lang/crates.io-index"
checksum = "2dca085c2c7d9d65ad749d450b19b551efaa8e3476a439bdca07aca8533097f3"

[[package]]
name = "capnp_conv"
version = "0.1.0"
dependencies = [
 "capnp",
 "capnp_conv_macros",
]

[[package]]
name = "capnp_conv_macros"
version = "0.1.0"
dependencies = [
 "heck",
 "proc-macro2",
 "quote",
 "syn",
]

[[package]]
name = "capnp_conv_tests"
version = "0.1.0"
dependencies = [
 "capnp",
 "capnp_conv",
 "capnpc",
]

[[package]]
name = "capnpc"
version = "0.14.9"
source = "registry+https://github.com/rust-lang/crates.io-index"
checksum = "bdc9f1dc84666d4ff007b1a16c8f97db80764a624625979be05d869bcff43aaa"
dependencies = [
 "capnp",
]

[[package]]
name = "example"
version = "0.1.0"
dependencies = [
 "capnp",
 "capnp_conv",
 "capnpc",
]

[[package]]
name = "heck"
version = "0.4.1"
source = "registry+https://github.com/rust-lang/crates.io-index"
checksum = "95505c38b4572b2d910cecb0281560f54b440a19336cbbcb27bf6ce6adc6f5a8"

[[package]]
name = "proc-macro2"
version = "1.0.69"
source = "registry+https://github.com/rust-lang/crates.io-index"
checksum = "134c189feb4956b20f6f547d2cf727d4c0fe06722b20a0eec87ed445a97f92da"
dependencies = [
 "unicode-ident",
]

[[package]]
name = "quote"
version = "1.0.33"
source = "registry+https://github.com/rust-lang/crates.io-index"
checksum = "5267fca4496028628a95160fc423a33e8b2e6af8a5302579e322e4b520293cae"
dependencies = [
 "proc-macro2",
]

[[package]]
name = "syn"
version = "1.0.109"
source = "registry+https://github.com/rust-lang/crates.io-index"
checksum = "72b64191b275b66ffe2469e8af2c1cfe3bafa67b529ead792a6d0160888b4237"
dependencies = [
 "proc-macro2",
 "quote",
 "unicode-ident",
]

[[package]]
name = "unicode-ident"
version = "1.0.12"
source = "registry+https://github.com/rust-lang/crates.io-index"
checksum = "3354b9ac3fae1ff6755cb6db53683adb661634f67557942dea4facebec0fee4b"
